
Microsoft Visual Studio Solution File, Format Version 12.00
# Visual Studio Version 17
VisualStudioVersion = 17.4.33110.190
MinimumVisualStudioVersion = 10.0.40219.1
Project("{9A19103F-16F7-4668-BE54-9A1E7A4F7556}") = "MouseMovements", "MouseMovements\MouseMovements.csproj", "{902F7CBC-033A-498E-B990-44730659ABA8}"
EndProject
Project("{FAE04EC0-301F-11D3-BF4B-00C04F79EFBC}") = "MovementMouseDLL", "MovementMouseDLL\MovementMouseDLL.csproj", "{2FEFF2B8-DBC9-4D06-B78B-D4BB08555E57}"
EndProject
Global
	GlobalSection(SolutionConfigurationPlatforms) = preSolution
		Debug|Any CPU = Debug|Any CPU
		Release|Any CPU = Release|Any CPU
	EndGlobalSection
	GlobalSection(ProjectConfigurationPlatforms) = postSolution
		{902F7CBC-033A-498E-B990-44730659ABA8}.Debug|Any CPU.ActiveCfg = Debug|Any CPU
		{902F7CBC-033A-498E-B990-44730659ABA8}.Debug|Any CPU.Build.0 = Debug|Any CPU
		{902F7CBC-033A-498E-B990-44730659ABA8}.Release|Any CPU.ActiveCfg = Release|Any CPU
		{902F7CBC-033A-498E-B990-44730659ABA8}.Release|Any CPU.Build.0 = Release|Any CPU
		{2FEFF2B8-DBC9-4D06-B78B-D4BB08555E57}.Debug|Any CPU.ActiveCfg = Debug|Any CPU
		{2FEFF2B8-DBC9-4D06-B78B-D4BB08555E57}.Debug|Any CPU.Build.0 = Debug|Any CPU
		{2FEFF2B8-DBC9-4D06-B78B-D4BB08555E57}.Release|Any CPU.ActiveCfg = Release|Any CPU
		{2FEFF2B8-DBC9-4D06-B78B-D4BB08555E57}.Release|Any CPU.Build.0 = Release|Any CPU
	EndGlobalSection
	GlobalSection(SolutionProperties) = preSolution
		HideSolutionNode = FALSE
	EndGlobalSection
	GlobalSection(ExtensibilityGlobals) = postSolution
		SolutionGuid = {88000BAC-2BDE-4C0A-97E6-74021AD651FF}
	EndGlobalSection
EndGlobal
